
Microsoft Visual Studio Solution File, Format Version 12.00
# Visual Studio 2013
VisualStudioVersion = 12.0.31101.0
MinimumVisualStudioVersion = 10.0.40219.1
Project("{FAE04EC0-301F-11D3-BF4B-00C04F79EFBC}") = "Services", "Services\Services.csproj", "{EAB8B7BF-E1B6-42B1-A4E4-F66EC4DCFF98}"
EndProject
Project("{FAE04EC0-301F-11D3-BF4B-00C04F79EFBC}") = "UI.WEB", "UI.WEB\UI.WEB.csproj", "{95267A9D-3E7C-4CA6-8DD7-AC6C1AAF253F}"
EndProject
Global
	GlobalSection(SolutionConfigurationPlatforms) = preSolution
		Debug|Any CPU = Debug|Any CPU
		Release|Any CPU = Release|Any CPU
	EndGlobalSection
	GlobalSection(ProjectConfigurationPlatforms) = postSolution
		{EAB8B7BF-E1B6-42B1-A4E4-F66EC4DCFF98}.Debug|Any CPU.ActiveCfg = Debug|Any CPU
		{EAB8B7BF-E1B6-42B1-A4E4-F66EC4DCFF98}.Debug|Any CPU.Build.0 = Debug|Any CPU
		{EAB8B7BF-E1B6-42B1-A4E4-F66EC4DCFF98}.Release|Any CPU.ActiveCfg = Release|Any CPU
		{EAB8B7BF-E1B6-42B1-A4E4-F66EC4DCFF98}.Release|Any CPU.Build.0 = Release|Any CPU
		{95267A9D-3E7C-4CA6-8DD7-AC6C1AAF253F}.Debug|Any CPU.ActiveCfg = Debug|Any CPU
		{95267A9D-3E7C-4CA6-8DD7-AC6C1AAF253F}.Debug|Any CPU.Build.0 = Debug|Any CPU
		{95267A9D-3E7C-4CA6-8DD7-AC6C1AAF253F}.Release|Any CPU.ActiveCfg = Release|Any CPU
		{95267A9D-3E7C-4CA6-8DD7-AC6C1AAF253F}.Release|Any CPU.Build.0 = Release|Any CPU
	EndGlobalSection
	GlobalSection(SolutionProperties) = preSolution
		HideSolutionNode = FALSE
	EndGlobalSection
EndGlobal
